PODS:
  - Capacitor (7.0.1):
    - CapacitorCordova
  - CapacitorBrowser (7.0.0):
    - Capacitor
  - CapacitorCordova (7.0.1)
  - CapacitorShare (7.0.0):
    - Capacitor

DEPENDENCIES:
  - "Capacitor (from `../../node_modules/@capacitor/ios`)"
  - "CapacitorBrowser (from `../../node_modules/@capacitor/browser`)"
  - "CapacitorCordova (from `../../node_modules/@capacitor/ios`)"
  - "CapacitorShare (from `../../node_modules/@capacitor/share`)"

EXTERNAL SOURCES:
  Capacitor:
    :path: "../../node_modules/@capacitor/ios"
  CapacitorBrowser:
    :path: "../../node_modules/@capacitor/browser"
  CapacitorCordova:
    :path: "../../node_modules/@capacitor/ios"
  CapacitorShare:
    :path: "../../node_modules/@capacitor/share"

SPEC CHECKSUMS:
  Capacitor: de199cba6c8b20995428ad0b7cb0bc6ca625ffd4
  CapacitorBrowser: 55c21db47416dcc8fc3b623e18fd7d09acb26081
  CapacitorCordova: 63d476958d5022d76f197031e8b7ea3519988c64
  CapacitorShare: d94c53d7656f1ce8f6712ae8d19ab0c18a69259f

PODFILE CHECKSUM: 4fa432a6d5207a0ee87729938feebbcbd20a21b7

COCOAPODS: 1.16.2
